{
  "version": 4,
  "terraform_version": "0.12.10",
  "serial": 6,
  "lineage": "3decb2b8-e242-9d9e-cc3c-140a86c2cacf",
  "outputs": {
    "wordpressecr_url": {
      "value": {
        "arn": "arn:aws:ecr:eu-west-1:615196324256:repository/wordp",
        "id": "wordp",
        "image_scanning_configuration": [
          {
            "scan_on_push": false
          }
        ],
        "image_tag_mutability": "MUTABLE",
        "name": "wordp",
        "registry_id": "615196324256",
        "repository_url": "615196324256.dkr.ecr.eu-west-1.amazonaws.com/wordp",
        "tags": {},
        "timeouts": null
      },
      "type": [
        "object",
        {
          "arn": "string",
          "id": "string",
          "image_scanning_configuration": [
            "list",
            [
              "object",
              {
                "scan_on_push": "bool"
              }
            ]
          ],
          "image_tag_mutability": "string",
          "name": "string",
          "registry_id": "string",
          "repository_url": "string",
          "tags": [
            "map",
            "string"
          ],
          "timeouts": [
            "object",
            {
              "delete": "string"
            }
          ]
        }
      ]
    }
  },
  "resources": [
    {
      "mode": "data",
      "type": "aws_ecr_image",
      "name": "worddpress",
      "provider": "provider.aws",
      "instances": [
        {
          "schema_version": 0,
          "attributes": {
            "id": "2020-02-06 10:48:11.487565 +0000 UTC",
            "image_digest": "sha256:37d9bff734520d371ed736ff6811048dea41deba657261148285d96f3193c3df",
            "image_pushed_at": 1580927036,
            "image_size_in_bytes": 30348222,
            "image_tag": "latest",
            "image_tags": [
              "latest"
            ],
            "registry_id": "615196324256",
            "repository_name": "wordp"
          }
        }
      ]
    },
    {
      "mode": "managed",
      "type": "aws_cloudwatch_log_group",
      "name": "wordpress-logs",
      "provider": "provider.aws",
      "instances": [
        {
          "schema_version": 0,
          "attributes": {
            "arn": "arn:aws:logs:eu-west-1:615196324256:log-group:/aws/ecs/logs/wordpress:*",
            "id": "/aws/ecs/logs/wordpress",
            "kms_key_id": "",
            "name": "/aws/ecs/logs/wordpress",
            "name_prefix": null,
            "retention_in_days": 0,
            "tags": null
          },
          "private": "bnVsbA=="
        }
      ]
    },
    {
      "mode": "managed",
      "type": "aws_ecr_repository",
      "name": "wordpress_repo",
      "provider": "provider.aws",
      "instances": [
        {
          "schema_version": 0,
          "attributes": {
            "arn": "arn:aws:ecr:eu-west-1:615196324256:repository/wordp",
            "id": "wordp",
            "image_scanning_configuration": [
              {
                "scan_on_push": false
              }
            ],
            "image_tag_mutability": "MUTABLE",
            "name": "wordp",
            "registry_id": "615196324256",
            "repository_url": "615196324256.dkr.ecr.eu-west-1.amazonaws.com/wordp",
            "tags": {},
            "timeouts": null
          },
          "private": "eyJlMmJmYjczMC1lY2FhLTExZTYtOGY4OC0zNDM2M2JjN2M0YzAiOnsiZGVsZXRlIjoxMjAwMDAwMDAwMDAwfX0="
        }
      ]
    },
    {
      "mode": "managed",
      "type": "aws_ecs_task_definition",
      "name": "word-press",
      "provider": "provider.aws",
      "instances": [
        {
          "schema_version": 1,
          "attributes": {
            "arn": "arn:aws:ecs:eu-west-1:615196324256:task-definition/adewordpress-eu-west-1:2",
            "container_definitions": "[{\"cpu\":0,\"environment\":[],\"essential\":true,\"image\":\"615196324256.dkr.ecr.eu-west-1.amazonaws.com/wordp:latest\",\"logConfiguration\":{\"logDriver\":\"awslogs\",\"options\":{\"awslogs-group\":\"/aws/ecs/logs/wordpress\",\"awslogs-region\":\"eu-west-1\",\"awslogs-stream-prefix\":\"awslogs-wordy\"}},\"memory\":512,\"mountPoints\":[],\"name\":\"adewordpressapplication-eu-west-1\",\"portMappings\":[],\"user\":\"root\",\"volumesFrom\":[]}]",
            "cpu": "",
            "execution_role_arn": "",
            "family": "adewordpress-eu-west-1",
            "id": "adewordpress-eu-west-1",
            "ipc_mode": "",
            "memory": "",
            "network_mode": "",
            "pid_mode": "",
            "placement_constraints": [],
            "proxy_configuration": [],
            "requires_compatibilities": [],
            "revision": 2,
            "tags": {},
            "task_role_arn": "",
            "volume": []
          },
          "private": "eyJzY2hlbWFfdmVyc2lvbiI6IjEifQ=="
        }
      ]
    }
  ]
}
